// !$*UTF8*$!
{
	archiveVersion = 1;
	classes = {
	};
	objectVersion = 50;
	objects = {

/* Begin PBXBuildFile section */
		C28A1F7523282DE3005152DA /* AppDelegate.swift in Sources */ = {isa = PBXBuildFile; fileRef = C28A1F7423282DE3005152DA /* AppDelegate.swift */; };
		C28A1F7723282DE3005152DA /* ViewController.swift in Sources */ = {isa = PBXBuildFile; fileRef = C28A1F7623282DE3005152DA /* ViewController.swift */; };
		C28A1F7A23282DE3005152DA /* Main.storyboard in Resources */ = {isa = PBXBuildFile; fileRef = C28A1F7823282DE3005152DA /* Main.storyboard */; };
		C28A1F7C23282DE6005152DA /* Assets.xcassets in Resources */ = {isa = PBXBuildFile; fileRef = C28A1F7B23282DE6005152DA /* Assets.xcassets */; };
		C28A1F7F23282DE6005152DA /* LaunchScreen.storyboard in Resources */ = {isa = PBXBuildFile; fileRef = C28A1F7D23282DE6005152DA /* LaunchScreen.storyboard */; };
		C28A1F8723282DF3005152DA /* SharedCartBannerHandler.swift in Sources */ = {isa = PBXBuildFile; fileRef = C28A1F8623282DF3005152DA /* SharedCartBannerHandler.swift */; };
		C28A1F8923283BB0005152DA /* BannerContainerViewController.swift in Sources */ = {isa = PBXBuildFile; fileRef = C28A1F8823283BB0005152DA /* BannerContainerViewController.swift */; };
/* End PBXBuildFile section */

/* Begin PBXFileReference section */
		C28A1F7123282DE3005152DA /* SharedCartBannerPOC.app */ = {isa = PBXFileReference; explicitFileType = wrapper.application; includeInIndex = 0; path = SharedCartBannerPOC.app; sourceTree = BUILT_PRODUCTS_DIR; };
		C28A1F7423282DE3005152DA /* AppDelegate.swift */ = {isa = PBXFileReference; lastKnownFileType = sourcecode.swift; path = AppDelegate.swift; sourceTree = "<group>"; };
		C28A1F7623282DE3005152DA /* ViewController.swift */ = {isa = PBXFileReference; lastKnownFileType = sourcecode.swift; path = ViewController.swift; sourceTree = "<group>"; };
		C28A1F7923282DE3005152DA /* Base */ = {isa = PBXFileReference; lastKnownFileType = file.storyboard; name = Base; path = Base.lproj/Main.storyboard; sourceTree = "<group>"; };
		C28A1F7B23282DE6005152DA /* Assets.xcassets */ = {isa = PBXFileReference; lastKnownFileType = folder.assetcatalog; path = Assets.xcassets; sourceTree = "<group>"; };
		C28A1F7E23282DE6005152DA /* Base */ = {isa = PBXFileReference; lastKnownFileType = file.storyboard; name = Base; path = Base.lproj/LaunchScreen.storyboard; sourceTree = "<group>"; };
		C28A1F8023282DE6005152DA /* Info.plist */ = {isa = PBXFileReference; lastKnownFileType = text.plist.xml; path = Info.plist; sourceTree = "<group>"; };
		C28A1F8623282DF3005152DA /* SharedCartBannerHandler.swift */ = {isa = PBXFileReference; lastKnownFileType = sourcecode.swift; path = SharedCartBannerHandler.swift; sourceTree = "<group>"; };
		C28A1F8823283BB0005152DA /* BannerContainerViewController.swift */ = {isa = PBXFileReference; lastKnownFileType = sourcecode.swift; path = BannerContainerViewController.swift; sourceTree = "<group>"; };
/* End PBXFileReference section */

/* Begin PBXFrameworksBuildPhase section */
		C28A1F6E23282DE3005152DA /* Frameworks */ = {
			isa = PBXFrameworksBuildPhase;
			buildActionMask = 2147483647;
			files = (
			);
			runOnlyForDeploymentPostprocessing = 0;
		};
/* End PBXFrameworksBuildPhase section */

/* Begin PBXGroup section */
		C28A1F6823282DE3005152DA = {
			isa = PBXGroup;
			children = (
				C28A1F7323282DE3005152DA /* SharedCartBannerPOC */,
				C28A1F7223282DE3005152DA /* Products */,
			);
			sourceTree = "<group>";
		};
		C28A1F7223282DE3005152DA /* Products */ = {
			isa = PBXGroup;
			children = (
				C28A1F7123282DE3005152DA /* SharedCartBannerPOC.app */,
			);
			name = Products;
			sourceTree = "<group>";
		};
		C28A1F7323282DE3005152DA /* SharedCartBannerPOC */ = {
			isa = PBXGroup;
			children = (
				C28A1F7423282DE3005152DA /* AppDelegate.swift */,
				C28A1F8623282DF3005152DA /* SharedCartBannerHandler.swift */,
				C28A1F7623282DE3005152DA /* ViewController.swift */,
				C28A1F8823283BB0005152DA /* BannerContainerViewController.swift */,
				C28A1F7823282DE3005152DA /* Main.storyboard */,
				C28A1F7B23282DE6005152DA /* Assets.xcassets */,
				C28A1F7D23282DE6005152DA /* LaunchScreen.storyboard */,
				C28A1F8023282DE6005152DA /* Info.plist */,
			);
			path = SharedCartBannerPOC;
			sourceTree = "<group>";
		};
/* End PBXGroup section */

/* Begin PBXNativeTarget section */
		C28A1F7023282DE3005152DA /* SharedCartBannerPOC */ = {
			isa = PBXNativeTarget;
			buildConfigurationList = C28A1F8323282DE6005152DA /* Build configuration list for PBXNativeTarget "SharedCartBannerPOC" */;
			buildPhases = (
				C28A1F6D23282DE3005152DA /* Sources */,
				C28A1F6E23282DE3005152DA /* Frameworks */,
				C28A1F6F23282DE3005152DA /* Resources */,
			);
			buildRules = (
			);
			dependencies = (
			);
			name = SharedCartBannerPOC;
			productName = SharedCartBannerPOC;
			productReference = C28A1F7123282DE3005152DA /* SharedCartBannerPOC.app */;
			productType = "com.apple.product-type.application";
		};
/* End PBXNativeTarget section */

/* Begin PBXProject section */
		C28A1F6923282DE3005152DA /* Project object */ = {
			isa = PBXProject;
			attributes = {
				LastSwiftUpdateCheck = 1030;
				LastUpgradeCheck = 1030;
				ORGANIZATIONNAME = "Kazuhito Ochiai";
				TargetAttributes = {
					C28A1F7023282DE3005152DA = {
						CreatedOnToolsVersion = 10.3;
					};
				};
			};
			buildConfigurationList = C28A1F6C23282DE3005152DA /* Build configuration list for PBXProject "SharedCartBannerPOC" */;
			compatibilityVersion = "Xcode 9.3";
			developmentRegion = en;
			hasScannedForEncodings = 0;
			knownRegions = (
				en,
				Base,
			);
			mainGroup = C28A1F6823282DE3005152DA;
			productRefGroup = C28A1F7223282DE3005152DA /* Products */;
			projectDirPath = "";
			projectRoot = "";
			targets = (
				C28A1F7023282DE3005152DA /* SharedCartBannerPOC */,
			);
		};
/* End PBXProject section */

/* Begin PBXResourcesBuildPhase section */
		C28A1F6F23282DE3005152DA /* Resources */ = {
			isa = PBXResourcesBuildPhase;
			buildActionMask = 2147483647;
			files = (
				C28A1F7F23282DE6005152DA /* LaunchScreen.storyboard in Resources */,
				C28A1F7C23282DE6005152DA /* Assets.xcassets in Resources */,
				C28A1F7A23282DE3005152DA /* Main.storyboard in Resources */,
			);
			runOnlyForDeploymentPostprocessing = 0;
		};
/* End PBXResourcesBuildPhase section */

/* Begin PBXSourcesBuildPhase section */
		C28A1F6D23282DE3005152DA /* Sources */ = {
			isa = PBXSourcesBuildPhase;
			buildActionMask = 2147483647;
			files = (
				C28A1F7723282DE3005152DA /* ViewController.swift in Sources */,
				C28A1F8723282DF3005152DA /* SharedCartBannerHandler.swift in Sources */,
				C28A1F8923283BB0005152DA /* BannerContainerViewController.swift in Sources */,
				C28A1F7523282DE3005152DA /* AppDelegate.swift in Sources */,
			);
			runOnlyForDeploymentPostprocessing = 0;
		};
/* End PBXSourcesBuildPhase section */

/* Begin PBXVariantGroup section */
		C28A1F7823282DE3005152DA /* Main.storyboard */ = {
			isa = PBXVariantGroup;
			children = (
				C28A1F7923282DE3005152DA /* Base */,
			);
			name = Main.storyboard;
			sourceTree = "<group>";
		};
		C28A1F7D23282DE6005152DA /* LaunchScreen.storyboard */ = {
			isa = PBXVariantGroup;
			children = (
				C28A1F7E23282DE6005152DA /* Base */,
			);
			name = LaunchScreen.storyboard;
			sourceTree = "<group>";
		};
/* End PBXVariantGroup section */

/* Begin XCBuildConfiguration section */
		C28A1F8123282DE6005152DA /* Debug */ = {
			isa = XCBuildConfiguration;
			buildSettings = {
				ALWAYS_SEARCH_USER_PATHS = NO;
				CLANG_ANALYZER_NONNULL = YES;
				CLANG_ANALYZER_NUMBER_OBJECT_CONVERSION = YES_AGGRESSIVE;
				CLANG_CXX_LANGUAGE_STANDARD = "gnu++14";
				CLANG_CXX_LIBRARY = "libc++";
				CLANG_ENABLE_MODULES = YES;
				CLANG_ENABLE_OBJC_ARC = YES;
				CLANG_ENABLE_OBJC_WEAK = YES;
				CLANG_WARN_BLOCK_CAPTURE_AUTORELEASING = YES;
				CLANG_WARN_BOOL_CONVERSION = YES;
				CLANG_WARN_COMMA = YES;
				CLANG_WARN_CONSTANT_CONVERSION = YES;
				CLANG_WARN_DEPRECATED_OBJC_IMPLEMENTATIONS = YES;
				CLANG_WARN_DIRECT_OBJC_ISA_USAGE = YES_ERROR;
				CLANG_WARN_DOCUMENTATION_COMMENTS = YES;
				CLANG_WARN_EMPTY_BODY = YES;
				CLANG_WARN_ENUM_CONVERSION = YES;
				CLANG_WARN_INFINITE_RECURSION = YES;
				CLANG_WARN_INT_CONVERSION = YES;
				CLANG_WARN_NON_LITERAL_NULL_CONVERSION = YES;
				CLANG_WARN_OBJC_IMPLICIT_RETAIN_SELF = YES;
				CLANG_WARN_OBJC_LITERAL_CONVERSION = YES;
				CLANG_WARN_OBJC_ROOT_CLASS = YES_ERROR;
				CLANG_WARN_RANGE_LOOP_ANALYSIS = YES;
				CLANG_WARN_STRICT_PROTOTYPES = YES;
				CLANG_WARN_SUSPICIOUS_MOVE = YES;
				CLANG_WARN_UNGUARDED_AVAILABILITY = YES_AGGRESSIVE;
				CLANG_WARN_UNREACHABLE_CODE = YES;
				CLANG_WARN__DUPLICATE_METHOD_MATCH = YES;
				CODE_SIGN_IDENTITY = "iPhone Developer";
				COPY_PHASE_STRIP = NO;
				DEBUG_INFORMATION_FORMAT = dwarf;
				ENABLE_STRICT_OBJC_MSGSEND = YES;
				ENABLE_TESTABILITY = YES;
				GCC_C_LANGUAGE_STANDARD = gnu11;
				GCC_DYNAMIC_NO_PIC = NO;
				GCC_NO_COMMON_BLOCKS = YES;
				GCC_OPTIMIZATION_LEVEL = 0;
				GCC_PREPROCESSOR_DEFINITIONS = (
					"DEBUG=1",
					"$(inherited)",
				);
				GCC_WARN_64_TO_32_BIT_CONVERSION = YES;
				GCC_WARN_ABOUT_RETURN_TYPE = YES_ERROR;
				GCC_WARN_UNDECLARED_SELECTOR = YES;
				GCC_WARN_UNINITIALIZED_AUTOS = YES_AGGRESSIVE;
				GCC_WARN_UNUSED_FUNCTION = YES;
				GCC_WARN_UNUSED_VARIABLE = YES;
				IPHONEOS_DEPLOYMENT_TARGET = 12.4;
				MTL_ENABLE_DEBUG_INFO = INCLUDE_SOURCE;
				MTL_FAST_MATH = YES;
				ONLY_ACTIVE_ARCH = YES;
				SDKROOT = iphoneos;
				SWIFT_ACTIVE_COMPILATION_CONDITIONS = DEBUG;
				SWIFT_OPTIMIZATION_LEVEL = "-Onone";
			};
			name = Debug;
		};
		C28A1F8223282DE6005152DA /* Release */ = {
			isa = XCBuildConfiguration;
			buildSettings = {
				ALWAYS_SEARCH_USER_PATHS = NO;
				CLANG_ANALYZER_NONNULL = YES;
				CLANG_ANALYZER_NUMBER_OBJECT_CONVERSION = YES_AGGRESSIVE;
				CLANG_CXX_LANGUAGE_STANDARD = "gnu++14";
				CLANG_CXX_LIBRARY = "libc++";
				CLANG_ENABLE_MODULES = YES;
				CLANG_ENABLE_OBJC_ARC = YES;
				CLANG_ENABLE_OBJC_WEAK = YES;
				CLANG_WARN_BLOCK_CAPTURE_AUTORELEASING = YES;
				CLANG_WARN_BOOL_CONVERSION = YES;
				CLANG_WARN_COMMA = YES;
				CLANG_WARN_CONSTANT_CONVERSION = YES;
				CLANG_WARN_DEPRECATED_OBJC_IMPLEMENTATIONS = YES;
				CLANG_WARN_DIRECT_OBJC_ISA_USAGE = YES_ERROR;
				CLANG_WARN_DOCUMENTATION_COMMENTS = YES;
				CLANG_WARN_EMPTY_BODY = YES;
				CLANG_WARN_ENUM_CONVERSION = YES;
				CLANG_WARN_INFINITE_RECURSION = YES;
				CLANG_WARN_INT_CONVERSION = YES;
				CLANG_WARN_NON_LITERAL_NULL_CONVERSION = YES;
				CLANG_WARN_OBJC_IMPLICIT_RETAIN_SELF = YES;
				CLANG_WARN_OBJC_LITERAL_CONVERSION = YES;
				CLANG_WARN_OBJC_ROOT_CLASS = YES_ERROR;
				CLANG_WARN_RANGE_LOOP_ANALYSIS = YES;
				CLANG_WARN_STRICT_PROTOTYPES = YES;
				CLANG_WARN_SUSPICIOUS_MOVE = YES;
				CLANG_WARN_UNGUARDED_AVAILABILITY = YES_AGGRESSIVE;
				CLANG_WARN_UNREACHABLE_CODE = YES;
				CLANG_WARN__DUPLICATE_METHOD_MATCH = YES;
				CODE_SIGN_IDENTITY = "iPhone Developer";
				COPY_PHASE_STRIP = NO;
				DEBUG_INFORMATION_FORMAT = "dwarf-with-dsym";
				ENABLE_NS_ASSERTIONS = NO;
				ENABLE_STRICT_OBJC_MSGSEND = YES;
				GCC_C_LANGUAGE_STANDARD = gnu11;
				GCC_NO_COMMON_BLOCKS = YES;
				GCC_WARN_64_TO_32_BIT_CONVERSION = YES;
				GCC_WARN_ABOUT_RETURN_TYPE = YES_ERROR;
				GCC_WARN_UNDECLARED_SELECTOR = YES;
				GCC_WARN_UNINITIALIZED_AUTOS = YES_AGGRESSIVE;
				GCC_WARN_UNUSED_FUNCTION = YES;
				GCC_WARN_UNUSED_VARIABLE = YES;
				IPHONEOS_DEPLOYMENT_TARGET = 12.4;
				MTL_ENABLE_DEBUG_INFO = NO;
				MTL_FAST_MATH = YES;
				SDKROOT = iphoneos;
				SWIFT_COMPILATION_MODE = wholemodule;
				SWIFT_OPTIMIZATION_LEVEL = "-O";
				VALIDATE_PRODUCT = YES;
			};
			name = Release;
		};
		C28A1F8423282DE6005152DA /* Debug */ = {
			isa = XCBuildConfiguration;
			buildSettings = {
				ASSETCATALOG_COMPILER_APPICON_NAME = AppIcon;
				CODE_SIGN_STYLE = Automatic;
				DEVELOPMENT_TEAM = 649X9A4LS8;
				INFOPLIST_FILE = SharedCartBannerPOC/Info.plist;
				LD_RUNPATH_SEARCH_PATHS = (
					"$(inherited)",
					"@executable_path/Frameworks",
				);
				PRODUCT_BUNDLE_IDENTIFIER = com.grubhub.SharedCartBannerPOC;
				PRODUCT_NAME = "$(TARGET_NAME)";
				SWIFT_VERSION = 5.0;
				TARGETED_DEVICE_FAMILY = "1,2";
			};
			name = Debug;
		};
		C28A1F8523282DE6005152DA /* Release */ = {
			isa = XCBuildConfiguration;
			buildSettings = {
				ASSETCATALOG_COMPILER_APPICON_NAME = AppIcon;
				CODE_SIGN_STYLE = Automatic;
				DEVELOPMENT_TEAM = 649X9A4LS8;
				INFOPLIST_FILE = SharedCartBannerPOC/Info.plist;
				LD_RUNPATH_SEARCH_PATHS = (
					"$(inherited)",
					"@executable_path/Frameworks",
				);
				PRODUCT_BUNDLE_IDENTIFIER = com.grubhub.SharedCartBannerPOC;
				PRODUCT_NAME = "$(TARGET_NAME)";
				SWIFT_VERSION = 5.0;
				TARGETED_DEVICE_FAMILY = "1,2";
			};
			name = Release;
		};
/* End XCBuildConfiguration section */

/* Begin XCConfigurationList section */
		C28A1F6C23282DE3005152DA /* Build configuration list for PBXProject "SharedCartBannerPOC" */ = {
			isa = XCConfigurationList;
			buildConfigurations = (
				C28A1F8123282DE6005152DA /* Debug */,
				C28A1F8223282DE6005152DA /* Release */,
			);
			defaultConfigurationIsVisible = 0;
			defaultConfigurationName = Release;
		};
		C28A1F8323282DE6005152DA /* Build configuration list for PBXNativeTarget "SharedCartBannerPOC" */ = {
			isa = XCConfigurationList;
			buildConfigurations = (
				C28A1F8423282DE6005152DA /* Debug */,
				C28A1F8523282DE6005152DA /* Release */,
			);
			defaultConfigurationIsVisible = 0;
			defaultConfigurationName = Release;
		};
/* End XCConfigurationList section */
	};
	rootObject = C28A1F6923282DE3005152DA /* Project object */;
}
